Microsoft Visual Studio Solution File, Format Version 12.00
# Visual Studio Version 17
VisualStudioVersion = 17.2.32519.379
MinimumVisualStudioVersion = 10.0.40219.1
Project("{9A19103F-16F7-4668-BE54-9A1E7A4F7556}") = "Paskaita_2_WriteLine", "BasicMokymai\Paskaita_2_WriteLine.csproj", "{525C2A29-FB30-4A92-B945-0EA42EFA9E67}"
EndProject
Project("{FAE04EC0-301F-11D3-BF4B-00C04F79EFBC}") = "Paskaita_3_Komentarai", "Paskaita_3_Komentarai\Paskaita_3_Komentarai.csproj", "{6C0CEE86-270B-46C1-96E7-55B6FA4C252D}"
EndProject
Global
	GlobalSection(SolutionConfigurationPlatforms) = preSolution
		Debug|Any CPU = Debug|Any CPU
		Release|Any CPU = Release|Any CPU
	EndGlobalSection
	GlobalSection(ProjectConfigurationPlatforms) = postSolution
		{525C2A29-FB30-4A92-B945-0EA42EFA9E67}.Debug|Any CPU.ActiveCfg = Debug|Any CPU
		{525C2A29-FB30-4A92-B945-0EA42EFA9E67}.Debug|Any CPU.Build.0 = Debug|Any CPU
		{525C2A29-FB30-4A92-B945-0EA42EFA9E67}.Release|Any CPU.ActiveCfg = Release|Any CPU
		{525C2A29-FB30-4A92-B945-0EA42EFA9E67}.Release|Any CPU.Build.0 = Release|Any CPU
		{6C0CEE86-270B-46C1-96E7-55B6FA4C252D}.Debug|Any CPU.ActiveCfg = Debug|Any CPU
		{6C0CEE86-270B-46C1-96E7-55B6FA4C252D}.Debug|Any CPU.Build.0 = Debug|Any CPU
		{6C0CEE86-270B-46C1-96E7-55B6FA4C252D}.Release|Any CPU.ActiveCfg = Release|Any CPU
		{6C0CEE86-270B-46C1-96E7-55B6FA4C252D}.Release|Any CPU.Build.0 = Release|Any CPU
	EndGlobalSection
	GlobalSection(SolutionProperties) = preSolution
		HideSolutionNode = FALSE
	EndGlobalSection
	GlobalSection(ExtensibilityGlobals) = postSolution
		SolutionGuid = {934538B7-1A4C-4B43-8873-F8A82FBCBEE7}
	EndGlobalSection
EndGlobal
