Microsoft Visual Studio Solution File, Format Version 12.00
# Visual Studio Version 17
VisualStudioVersion = 17.2.32519.379
MinimumVisualStudioVersion = 10.0.40219.1
Project("{9A19103F-16F7-4668-BE54-9A1E7A4F7556}") = "Paskaita_2_WriteLine", "BasicMokymai\Paskaita_2_WriteLine.csproj", "{525C2A29-FB30-4A92-B945-0EA42EFA9E67}"
EndProject
Project("{9A19103F-16F7-4668-BE54-9A1E7A4F7556}") = "Paskaita_3_Komentarai", "Paskaita_3_Komentarai\Paskaita_3_Komentarai.csproj", "{6C0CEE86-270B-46C1-96E7-55B6FA4C252D}"
EndProject
Project("{9A19103F-16F7-4668-BE54-9A1E7A4F7556}") = "Paskaita_3_String_Kintamieji", "Paskaita_3_String_Kintamieji\Paskaita_3_String_Kintamieji.csproj", "{11324516-37C7-4775-9BCA-01AB3BB52113}"
EndProject
Project("{9A19103F-16F7-4668-BE54-9A1E7A4F7556}") = "Paskaita_3_Tower_of_Hanoi", "Paskaita_3_Tower_of_Hanoi\Paskaita_3_Tower_of_Hanoi.csproj", "{8F632173-35DB-492F-AF33-2CF87B33C8F8}"
EndProject
Project("{9A19103F-16F7-4668-BE54-9A1E7A4F7556}") = "Paskaita_3_Tower_of_Hanoi_2", "Paskaita_3_Tower_of_Hanoi_2\Paskaita_3_Tower_of_Hanoi_2.csproj", "{869A1465-734E-4028-AE84-FFCEF347F0E9}"
EndProject
Project("{FAE04EC0-301F-11D3-BF4B-00C04F79EFBC}") = "Paskaita_4_Kintamieji", "Paskaita_4_Kintamieji\Paskaita_4_Kintamieji.csproj", "{15360656-31D5-4A6C-A375-8EE7B8C1E8CA}"
EndProject
Global
	GlobalSection(SolutionConfigurationPlatforms) = preSolution
		Debug|Any CPU = Debug|Any CPU
		Release|Any CPU = Release|Any CPU
	EndGlobalSection
	GlobalSection(ProjectConfigurationPlatforms) = postSolution
		{525C2A29-FB30-4A92-B945-0EA42EFA9E67}.Debug|Any CPU.ActiveCfg = Debug|Any CPU
		{525C2A29-FB30-4A92-B945-0EA42EFA9E67}.Debug|Any CPU.Build.0 = Debug|Any CPU
		{525C2A29-FB30-4A92-B945-0EA42EFA9E67}.Release|Any CPU.ActiveCfg = Release|Any CPU
		{525C2A29-FB30-4A92-B945-0EA42EFA9E67}.Release|Any CPU.Build.0 = Release|Any CPU
		{6C0CEE86-270B-46C1-96E7-55B6FA4C252D}.Debug|Any CPU.ActiveCfg = Debug|Any CPU
		{6C0CEE86-270B-46C1-96E7-55B6FA4C252D}.Debug|Any CPU.Build.0 = Debug|Any CPU
		{6C0CEE86-270B-46C1-96E7-55B6FA4C252D}.Release|Any CPU.ActiveCfg = Release|Any CPU
		{6C0CEE86-270B-46C1-96E7-55B6FA4C252D}.Release|Any CPU.Build.0 = Release|Any CPU
		{11324516-37C7-4775-9BCA-01AB3BB52113}.Debug|Any CPU.ActiveCfg = Debug|Any CPU
		{11324516-37C7-4775-9BCA-01AB3BB52113}.Debug|Any CPU.Build.0 = Debug|Any CPU
		{11324516-37C7-4775-9BCA-01AB3BB52113}.Release|Any CPU.ActiveCfg = Release|Any CPU
		{11324516-37C7-4775-9BCA-01AB3BB52113}.Release|Any CPU.Build.0 = Release|Any CPU
		{8F632173-35DB-492F-AF33-2CF87B33C8F8}.Debug|Any CPU.ActiveCfg = Debug|Any CPU
		{8F632173-35DB-492F-AF33-2CF87B33C8F8}.Debug|Any CPU.Build.0 = Debug|Any CPU
		{8F632173-35DB-492F-AF33-2CF87B33C8F8}.Release|Any CPU.ActiveCfg = Release|Any CPU
		{8F632173-35DB-492F-AF33-2CF87B33C8F8}.Release|Any CPU.Build.0 = Release|Any CPU
		{869A1465-734E-4028-AE84-FFCEF347F0E9}.Debug|Any CPU.ActiveCfg = Debug|Any CPU
		{869A1465-734E-4028-AE84-FFCEF347F0E9}.Debug|Any CPU.Build.0 = Debug|Any CPU
		{869A1465-734E-4028-AE84-FFCEF347F0E9}.Release|Any CPU.ActiveCfg = Release|Any CPU
		{869A1465-734E-4028-AE84-FFCEF347F0E9}.Release|Any CPU.Build.0 = Release|Any CPU
		{15360656-31D5-4A6C-A375-8EE7B8C1E8CA}.Debug|Any CPU.ActiveCfg = Debug|Any CPU
		{15360656-31D5-4A6C-A375-8EE7B8C1E8CA}.Debug|Any CPU.Build.0 = Debug|Any CPU
		{15360656-31D5-4A6C-A375-8EE7B8C1E8CA}.Release|Any CPU.ActiveCfg = Release|Any CPU
		{15360656-31D5-4A6C-A375-8EE7B8C1E8CA}.Release|Any CPU.Build.0 = Release|Any CPU
	EndGlobalSection
	GlobalSection(SolutionProperties) = preSolution
		HideSolutionNode = FALSE
	EndGlobalSection
	GlobalSection(ExtensibilityGlobals) = postSolution
		SolutionGuid = {934538B7-1A4C-4B43-8873-F8A82FBCBEE7}
	EndGlobalSection
EndGlobal
