Microsoft Visual Studio Solution File, Format Version 12.00
# Visual Studio Version 17
VisualStudioVersion = 17.2.32519.379
MinimumVisualStudioVersion = 10.0.40219.1
Project("{9A19103F-16F7-4668-BE54-9A1E7A4F7556}") = "Paskaita_2_WriteLine", "BasicMokymai\Paskaita_2_WriteLine.csproj", "{525C2A29-FB30-4A92-B945-0EA42EFA9E67}"
EndProject
Project("{9A19103F-16F7-4668-BE54-9A1E7A4F7556}") = "Paskaita_3_Komentarai", "Paskaita_3_Komentarai\Paskaita_3_Komentarai.csproj", "{6C0CEE86-270B-46C1-96E7-55B6FA4C252D}"
EndProject
Project("{9A19103F-16F7-4668-BE54-9A1E7A4F7556}") = "Paskaita_3_String_Kintamieji", "Paskaita_3_String_Kintamieji\Paskaita_3_String_Kintamieji.csproj", "{11324516-37C7-4775-9BCA-01AB3BB52113}"
EndProject
Project("{9A19103F-16F7-4668-BE54-9A1E7A4F7556}") = "Paskaita_3_Tower_of_Hanoi", "Paskaita_3_Tower_of_Hanoi\Paskaita_3_Tower_of_Hanoi.csproj", "{8F632173-35DB-492F-AF33-2CF87B33C8F8}"
EndProject
Project("{9A19103F-16F7-4668-BE54-9A1E7A4F7556}") = "Paskaita_3_Tower_of_Hanoi_2", "Paskaita_3_Tower_of_Hanoi_2\Paskaita_3_Tower_of_Hanoi_2.csproj", "{869A1465-734E-4028-AE84-FFCEF347F0E9}"
EndProject
Project("{9A19103F-16F7-4668-BE54-9A1E7A4F7556}") = "Paskaita_4_Kintamieji", "Paskaita_4_Kintamieji\Paskaita_4_Kintamieji.csproj", "{15360656-31D5-4A6C-A375-8EE7B8C1E8CA}"
EndProject
Project("{9A19103F-16F7-4668-BE54-9A1E7A4F7556}") = "Paskaita_5_Variable_Types", "Paskaita_5_Variable_Types\Paskaita_5_Variable_Types.csproj", "{3D743DD5-DC35-4A7E-9DB7-DEF304B35753}"
EndProject
Project("{9A19103F-16F7-4668-BE54-9A1E7A4F7556}") = "Paskaita_5_Matematika", "Paskaita_5_Matematika\Paskaita_5_Matematika.csproj", "{F88B40C3-9869-464C-9B53-502755B470B4}"
EndProject
Project("{9A19103F-16F7-4668-BE54-9A1E7A4F7556}") = "Paskaita_5_Uzdaviniai", "Paskaita_5_Uzdaviniai\Paskaita_5_Uzdaviniai.csproj", "{4F134433-861D-4D65-92BB-92E7EEB03774}"
EndProject
Project("{9A19103F-16F7-4668-BE54-9A1E7A4F7556}") = "Paskaita_6_Reliaciniai_Operatoriai", "Paskaita_6_Reliaciniai_Operatoriai\Paskaita_6_Reliaciniai_Operatoriai.csproj", "{D2BC4A83-DB05-441E-B3A5-27DAB534B81C}"
EndProject
Project("{9A19103F-16F7-4668-BE54-9A1E7A4F7556}") = "Paskaita_6_Reliaciniai_Kitamieji_Uzduotys", "Paskaita_6_Reliaciniai_Kitamieji_Uzduotys\Paskaita_6_Reliaciniai_Kitamieji_Uzduotys.csproj", "{96D4555B-146F-4BAC-BB8B-C369650EA56D}"
EndProject
Project("{9A19103F-16F7-4668-BE54-9A1E7A4F7556}") = "Paskaita_6_Termometras", "Paskaita_6_Termometras\Paskaita_6_Termometras.csproj", "{BB5E69C7-5AFD-41F7-BF05-0825F8E1801C}"
EndProject
Project("{9A19103F-16F7-4668-BE54-9A1E7A4F7556}") = "Paskaita_7_Loginiai_Operatoriai", "Paskaita_7_Loginiai_Operatoriai\Paskaita_7_Loginiai_Operatoriai.csproj", "{EA12030C-3F38-4DA4-A833-990B28619CB9}"
EndProject
Project("{9A19103F-16F7-4668-BE54-9A1E7A4F7556}") = "Paskaita_6_Kelias", "Paskaita_6_Kelias\Paskaita_6_Kelias.csproj", "{B8E5264B-B646-4AE3-A7B0-96A66A78C685}"
EndProject
Project("{FAE04EC0-301F-11D3-BF4B-00C04F79EFBC}") = "Paskaita_8_IF", "Paskaita_8_IF\Paskaita_8_IF.csproj", "{F7C4B9AB-DB81-47C4-95FE-36E877D49974}"
EndProject
Project("{FAE04EC0-301F-11D3-BF4B-00C04F79EFBC}") = "Paskaita_8_Uzduotys", "Paskaita_8_Uzduotys\Paskaita_8_Uzduotys.csproj", "{77BF4ED4-9873-4103-8544-7D47B5DDF35C}"
EndProject
Project("{FAE04EC0-301F-11D3-BF4B-00C04F79EFBC}") = "Paskaita_9_switch_kintamieji", "Paskaita_9_switch_kintamieji\Paskaita_9_switch_kintamieji.csproj", "{ABE53065-1E48-455B-99CA-8E0D691986CD}"
EndProject
Project("{FAE04EC0-301F-11D3-BF4B-00C04F79EFBC}") = "Paskaita_10_String_Manipuliacijos", "Paskaita_10_String_Manipuliacijos\Paskaita_10_String_Manipuliacijos.csproj", "{3A8C9355-3A25-4ACB-BF8D-4A894B0A6F80}"
EndProject
Project("{FAE04EC0-301F-11D3-BF4B-00C04F79EFBC}") = "Paskaita_10_Uzduotis", "Paskaita_10_Uzduotis\Paskaita_10_Uzduotis.csproj", "{1A0F90E7-626D-42B1-B897-C8A062151148}"
EndProject
Global
	GlobalSection(SolutionConfigurationPlatforms) = preSolution
		Debug|Any CPU = Debug|Any CPU
		Release|Any CPU = Release|Any CPU
	EndGlobalSection
	GlobalSection(ProjectConfigurationPlatforms) = postSolution
		{525C2A29-FB30-4A92-B945-0EA42EFA9E67}.Debug|Any CPU.ActiveCfg = Debug|Any CPU
		{525C2A29-FB30-4A92-B945-0EA42EFA9E67}.Debug|Any CPU.Build.0 = Debug|Any CPU
		{525C2A29-FB30-4A92-B945-0EA42EFA9E67}.Release|Any CPU.ActiveCfg = Release|Any CPU
		{525C2A29-FB30-4A92-B945-0EA42EFA9E67}.Release|Any CPU.Build.0 = Release|Any CPU
		{6C0CEE86-270B-46C1-96E7-55B6FA4C252D}.Debug|Any CPU.ActiveCfg = Debug|Any CPU
		{6C0CEE86-270B-46C1-96E7-55B6FA4C252D}.Debug|Any CPU.Build.0 = Debug|Any CPU
		{6C0CEE86-270B-46C1-96E7-55B6FA4C252D}.Release|Any CPU.ActiveCfg = Release|Any CPU
		{6C0CEE86-270B-46C1-96E7-55B6FA4C252D}.Release|Any CPU.Build.0 = Release|Any CPU
		{11324516-37C7-4775-9BCA-01AB3BB52113}.Debug|Any CPU.ActiveCfg = Debug|Any CPU
		{11324516-37C7-4775-9BCA-01AB3BB52113}.Debug|Any CPU.Build.0 = Debug|Any CPU
		{11324516-37C7-4775-9BCA-01AB3BB52113}.Release|Any CPU.ActiveCfg = Release|Any CPU
		{11324516-37C7-4775-9BCA-01AB3BB52113}.Release|Any CPU.Build.0 = Release|Any CPU
		{8F632173-35DB-492F-AF33-2CF87B33C8F8}.Debug|Any CPU.ActiveCfg = Debug|Any CPU
		{8F632173-35DB-492F-AF33-2CF87B33C8F8}.Debug|Any CPU.Build.0 = Debug|Any CPU
		{8F632173-35DB-492F-AF33-2CF87B33C8F8}.Release|Any CPU.ActiveCfg = Release|Any CPU
		{8F632173-35DB-492F-AF33-2CF87B33C8F8}.Release|Any CPU.Build.0 = Release|Any CPU
		{869A1465-734E-4028-AE84-FFCEF347F0E9}.Debug|Any CPU.ActiveCfg = Debug|Any CPU
		{869A1465-734E-4028-AE84-FFCEF347F0E9}.Debug|Any CPU.Build.0 = Debug|Any CPU
		{869A1465-734E-4028-AE84-FFCEF347F0E9}.Release|Any CPU.ActiveCfg = Release|Any CPU
		{869A1465-734E-4028-AE84-FFCEF347F0E9}.Release|Any CPU.Build.0 = Release|Any CPU
		{15360656-31D5-4A6C-A375-8EE7B8C1E8CA}.Debug|Any CPU.ActiveCfg = Debug|Any CPU
		{15360656-31D5-4A6C-A375-8EE7B8C1E8CA}.Debug|Any CPU.Build.0 = Debug|Any CPU
		{15360656-31D5-4A6C-A375-8EE7B8C1E8CA}.Release|Any CPU.ActiveCfg = Release|Any CPU
		{15360656-31D5-4A6C-A375-8EE7B8C1E8CA}.Release|Any CPU.Build.0 = Release|Any CPU
		{3D743DD5-DC35-4A7E-9DB7-DEF304B35753}.Debug|Any CPU.ActiveCfg = Debug|Any CPU
		{3D743DD5-DC35-4A7E-9DB7-DEF304B35753}.Debug|Any CPU.Build.0 = Debug|Any CPU
		{3D743DD5-DC35-4A7E-9DB7-DEF304B35753}.Release|Any CPU.ActiveCfg = Release|Any CPU
		{3D743DD5-DC35-4A7E-9DB7-DEF304B35753}.Release|Any CPU.Build.0 = Release|Any CPU
		{F88B40C3-9869-464C-9B53-502755B470B4}.Debug|Any CPU.ActiveCfg = Debug|Any CPU
		{F88B40C3-9869-464C-9B53-502755B470B4}.Debug|Any CPU.Build.0 = Debug|Any CPU
		{F88B40C3-9869-464C-9B53-502755B470B4}.Release|Any CPU.ActiveCfg = Release|Any CPU
		{F88B40C3-9869-464C-9B53-502755B470B4}.Release|Any CPU.Build.0 = Release|Any CPU
		{4F134433-861D-4D65-92BB-92E7EEB03774}.Debug|Any CPU.ActiveCfg = Debug|Any CPU
		{4F134433-861D-4D65-92BB-92E7EEB03774}.Debug|Any CPU.Build.0 = Debug|Any CPU
		{4F134433-861D-4D65-92BB-92E7EEB03774}.Release|Any CPU.ActiveCfg = Release|Any CPU
		{4F134433-861D-4D65-92BB-92E7EEB03774}.Release|Any CPU.Build.0 = Release|Any CPU
		{D2BC4A83-DB05-441E-B3A5-27DAB534B81C}.Debug|Any CPU.ActiveCfg = Debug|Any CPU
		{D2BC4A83-DB05-441E-B3A5-27DAB534B81C}.Debug|Any CPU.Build.0 = Debug|Any CPU
		{D2BC4A83-DB05-441E-B3A5-27DAB534B81C}.Release|Any CPU.ActiveCfg = Release|Any CPU
		{D2BC4A83-DB05-441E-B3A5-27DAB534B81C}.Release|Any CPU.Build.0 = Release|Any CPU
		{96D4555B-146F-4BAC-BB8B-C369650EA56D}.Debug|Any CPU.ActiveCfg = Debug|Any CPU
		{96D4555B-146F-4BAC-BB8B-C369650EA56D}.Debug|Any CPU.Build.0 = Debug|Any CPU
		{96D4555B-146F-4BAC-BB8B-C369650EA56D}.Release|Any CPU.ActiveCfg = Release|Any CPU
		{96D4555B-146F-4BAC-BB8B-C369650EA56D}.Release|Any CPU.Build.0 = Release|Any CPU
		{BB5E69C7-5AFD-41F7-BF05-0825F8E1801C}.Debug|Any CPU.ActiveCfg = Debug|Any CPU
		{BB5E69C7-5AFD-41F7-BF05-0825F8E1801C}.Debug|Any CPU.Build.0 = Debug|Any CPU
		{BB5E69C7-5AFD-41F7-BF05-0825F8E1801C}.Release|Any CPU.ActiveCfg = Release|Any CPU
		{BB5E69C7-5AFD-41F7-BF05-0825F8E1801C}.Release|Any CPU.Build.0 = Release|Any CPU
		{EA12030C-3F38-4DA4-A833-990B28619CB9}.Debug|Any CPU.ActiveCfg = Debug|Any CPU
		{EA12030C-3F38-4DA4-A833-990B28619CB9}.Debug|Any CPU.Build.0 = Debug|Any CPU
		{EA12030C-3F38-4DA4-A833-990B28619CB9}.Release|Any CPU.ActiveCfg = Release|Any CPU
		{EA12030C-3F38-4DA4-A833-990B28619CB9}.Release|Any CPU.Build.0 = Release|Any CPU
		{B8E5264B-B646-4AE3-A7B0-96A66A78C685}.Debug|Any CPU.ActiveCfg = Debug|Any CPU
		{B8E5264B-B646-4AE3-A7B0-96A66A78C685}.Debug|Any CPU.Build.0 = Debug|Any CPU
		{B8E5264B-B646-4AE3-A7B0-96A66A78C685}.Release|Any CPU.ActiveCfg = Release|Any CPU
		{B8E5264B-B646-4AE3-A7B0-96A66A78C685}.Release|Any CPU.Build.0 = Release|Any CPU
		{F7C4B9AB-DB81-47C4-95FE-36E877D49974}.Debug|Any CPU.ActiveCfg = Debug|Any CPU
		{F7C4B9AB-DB81-47C4-95FE-36E877D49974}.Debug|Any CPU.Build.0 = Debug|Any CPU
		{F7C4B9AB-DB81-47C4-95FE-36E877D49974}.Release|Any CPU.ActiveCfg = Release|Any CPU
		{F7C4B9AB-DB81-47C4-95FE-36E877D49974}.Release|Any CPU.Build.0 = Release|Any CPU
		{77BF4ED4-9873-4103-8544-7D47B5DDF35C}.Debug|Any CPU.ActiveCfg = Debug|Any CPU
		{77BF4ED4-9873-4103-8544-7D47B5DDF35C}.Debug|Any CPU.Build.0 = Debug|Any CPU
		{77BF4ED4-9873-4103-8544-7D47B5DDF35C}.Release|Any CPU.ActiveCfg = Release|Any CPU
		{77BF4ED4-9873-4103-8544-7D47B5DDF35C}.Release|Any CPU.Build.0 = Release|Any CPU
		{ABE53065-1E48-455B-99CA-8E0D691986CD}.Debug|Any CPU.ActiveCfg = Debug|Any CPU
		{ABE53065-1E48-455B-99CA-8E0D691986CD}.Debug|Any CPU.Build.0 = Debug|Any CPU
		{ABE53065-1E48-455B-99CA-8E0D691986CD}.Release|Any CPU.ActiveCfg = Release|Any CPU
		{ABE53065-1E48-455B-99CA-8E0D691986CD}.Release|Any CPU.Build.0 = Release|Any CPU
		{3A8C9355-3A25-4ACB-BF8D-4A894B0A6F80}.Debug|Any CPU.ActiveCfg = Debug|Any CPU
		{3A8C9355-3A25-4ACB-BF8D-4A894B0A6F80}.Debug|Any CPU.Build.0 = Debug|Any CPU
		{3A8C9355-3A25-4ACB-BF8D-4A894B0A6F80}.Release|Any CPU.ActiveCfg = Release|Any CPU
		{3A8C9355-3A25-4ACB-BF8D-4A894B0A6F80}.Release|Any CPU.Build.0 = Release|Any CPU
		{1A0F90E7-626D-42B1-B897-C8A062151148}.Debug|Any CPU.ActiveCfg = Debug|Any CPU
		{1A0F90E7-626D-42B1-B897-C8A062151148}.Debug|Any CPU.Build.0 = Debug|Any CPU
		{1A0F90E7-626D-42B1-B897-C8A062151148}.Release|Any CPU.ActiveCfg = Release|Any CPU
		{1A0F90E7-626D-42B1-B897-C8A062151148}.Release|Any CPU.Build.0 = Release|Any CPU
	EndGlobalSection
	GlobalSection(SolutionProperties) = preSolution
		HideSolutionNode = FALSE
	EndGlobalSection
	GlobalSection(ExtensibilityGlobals) = postSolution
		SolutionGuid = {934538B7-1A4C-4B43-8873-F8A82FBCBEE7}
	EndGlobalSection
EndGlobal
